
Microsoft Visual Studio Solution File, Format Version 12.00
# Visual Studio 2012
Project("{FAE04EC0-301F-11D3-BF4B-00C04F79EFBC}") = "CsAdventCalendarDec9Serialize", "CsAdventCalendarDec9\CsAdventCalendarDec9Serialize.csproj", "{8DDE77AB-59FD-4C55-A971-F161628273E1}"
EndProject
Project("{FAE04EC0-301F-11D3-BF4B-00C04F79EFBC}") = "CsAdventCalendarDec9DeSerialize", "CsAdventCalendarDec9DeSerialize\CsAdventCalendarDec9DeSerialize.csproj", "{D8E6D5FF-D4D7-42E4-928A-E72E16940794}"
EndProject
Project("{2150E333-8FDC-42A3-9474-1A3956D46DE8}") = "Solution Items", "Solution Items", "{F09ED1E8-987C-4D31-B55C-5199B06CD2D4}"
	ProjectSection(SolutionItems) = preProject
		LICENSE.txt = LICENSE.txt
		READM.MD = READM.MD
	EndProjectSection
EndProject
Global
	GlobalSection(SolutionConfigurationPlatforms) = preSolution
		Debug|Any CPU = Debug|Any CPU
		Release|Any CPU = Release|Any CPU
	EndGlobalSection
	GlobalSection(ProjectConfigurationPlatforms) = postSolution
		{8DDE77AB-59FD-4C55-A971-F161628273E1}.Debug|Any CPU.ActiveCfg = Debug|Any CPU
		{8DDE77AB-59FD-4C55-A971-F161628273E1}.Debug|Any CPU.Build.0 = Debug|Any CPU
		{8DDE77AB-59FD-4C55-A971-F161628273E1}.Release|Any CPU.ActiveCfg = Release|Any CPU
		{8DDE77AB-59FD-4C55-A971-F161628273E1}.Release|Any CPU.Build.0 = Release|Any CPU
		{D8E6D5FF-D4D7-42E4-928A-E72E16940794}.Debug|Any CPU.ActiveCfg = Debug|Any CPU
		{D8E6D5FF-D4D7-42E4-928A-E72E16940794}.Debug|Any CPU.Build.0 = Debug|Any CPU
		{D8E6D5FF-D4D7-42E4-928A-E72E16940794}.Release|Any CPU.ActiveCfg = Release|Any CPU
		{D8E6D5FF-D4D7-42E4-928A-E72E16940794}.Release|Any CPU.Build.0 = Release|Any CPU
	EndGlobalSection
	GlobalSection(SolutionProperties) = preSolution
		HideSolutionNode = FALSE
	EndGlobalSection
EndGlobal
